
Microsoft Visual Studio Solution File, Format Version 12.00
# Visual Studio Version 16
VisualStudioVersion = 16.0.31019.35
MinimumVisualStudioVersion = 10.0.40219.1
Project("{FAE04EC0-301F-11D3-BF4B-00C04F79EFBC}") = "DraftNotes.Web", "src\DraftNotes.Web\DraftNotes.Web.csproj", "{AFA37141-1EC5-4413-A2C5-223802E55FE9}"
EndProject
Global
	GlobalSection(SolutionConfigurationPlatforms) = preSolution
		Debug|Any CPU = Debug|Any CPU
		Release|Any CPU = Release|Any CPU
	EndGlobalSection
	GlobalSection(ProjectConfigurationPlatforms) = postSolution
		{AFA37141-1EC5-4413-A2C5-223802E55FE9}.Debug|Any CPU.ActiveCfg = Debug|Any CPU
		{AFA37141-1EC5-4413-A2C5-223802E55FE9}.Debug|Any CPU.Build.0 = Debug|Any CPU
		{AFA37141-1EC5-4413-A2C5-223802E55FE9}.Release|Any CPU.ActiveCfg = Release|Any CPU
		{AFA37141-1EC5-4413-A2C5-223802E55FE9}.Release|Any CPU.Build.0 = Release|Any CPU
	EndGlobalSection
	GlobalSection(SolutionProperties) = preSolution
		HideSolutionNode = FALSE
	EndGlobalSection
	GlobalSection(ExtensibilityGlobals) = postSolution
		SolutionGuid = {5D64B122-2F44-4267-B02C-34818962CBB0}
	EndGlobalSection
EndGlobal
